
Microsoft Visual Studio Solution File, Format Version 12.00
# Visual Studio 15
VisualStudioVersion = 15.0.28307.438
MinimumVisualStudioVersion = 10.0.40219.1
Project("{00D1A9C2-B5F0-4AF3-8072-F6C62B433612}") = "AdoLesson", "AdoLesson\AdoLesson.sqlproj", "{185CEE0D-2C23-4753-8030-9705B2933E72}"
EndProject
Project("{00D1A9C2-B5F0-4AF3-8072-F6C62B433612}") = "DBBank", "DBBank\DBBank.sqlproj", "{FF0553A2-A970-4FB5-987D-531974536B72}"
EndProject
Global
	GlobalSection(SolutionConfigurationPlatforms) = preSolution
		Debug|Any CPU = Debug|Any CPU
		Release|Any CPU = Release|Any CPU
	EndGlobalSection
	GlobalSection(ProjectConfigurationPlatforms) = postSolution
		{185CEE0D-2C23-4753-8030-9705B2933E72}.Debug|Any CPU.ActiveCfg = Debug|Any CPU
		{185CEE0D-2C23-4753-8030-9705B2933E72}.Debug|Any CPU.Build.0 = Debug|Any CPU
		{185CEE0D-2C23-4753-8030-9705B2933E72}.Debug|Any CPU.Deploy.0 = Debug|Any CPU
		{185CEE0D-2C23-4753-8030-9705B2933E72}.Release|Any CPU.ActiveCfg = Release|Any CPU
		{185CEE0D-2C23-4753-8030-9705B2933E72}.Release|Any CPU.Build.0 = Release|Any CPU
		{185CEE0D-2C23-4753-8030-9705B2933E72}.Release|Any CPU.Deploy.0 = Release|Any CPU
		{FF0553A2-A970-4FB5-987D-531974536B72}.Debug|Any CPU.ActiveCfg = Debug|Any CPU
		{FF0553A2-A970-4FB5-987D-531974536B72}.Debug|Any CPU.Build.0 = Debug|Any CPU
		{FF0553A2-A970-4FB5-987D-531974536B72}.Debug|Any CPU.Deploy.0 = Debug|Any CPU
		{FF0553A2-A970-4FB5-987D-531974536B72}.Release|Any CPU.ActiveCfg = Release|Any CPU
		{FF0553A2-A970-4FB5-987D-531974536B72}.Release|Any CPU.Build.0 = Release|Any CPU
		{FF0553A2-A970-4FB5-987D-531974536B72}.Release|Any CPU.Deploy.0 = Release|Any CPU
	EndGlobalSection
	GlobalSection(SolutionProperties) = preSolution
		HideSolutionNode = FALSE
	EndGlobalSection
	GlobalSection(ExtensibilityGlobals) = postSolution
		SolutionGuid = {D4155CD7-03D1-42BE-8843-C61A44AC0715}
	EndGlobalSection
EndGlobal
